
Microsoft Visual Studio Solution File, Format Version 12.00
# Visual Studio Version 16
VisualStudioVersion = 16.0.30804.86
MinimumVisualStudioVersion = 10.0.40219.1
Project("{9A19103F-16F7-4668-BE54-9A1E7A4F7556}") = "ChequeCtrl_Web", "ChequeCtrl_Web\ChequeCtrl_Web.csproj", "{A1DA8F2E-EC46-40AC-B58F-6A0FE0A31940}"
EndProject
Global
	GlobalSection(SolutionConfigurationPlatforms) = preSolution
		Debug|Any CPU = Debug|Any CPU
		Release|Any CPU = Release|Any CPU
	EndGlobalSection
	GlobalSection(ProjectConfigurationPlatforms) = postSolution
		{A1DA8F2E-EC46-40AC-B58F-6A0FE0A31940}.Debug|Any CPU.ActiveCfg = Debug|Any CPU
		{A1DA8F2E-EC46-40AC-B58F-6A0FE0A31940}.Debug|Any CPU.Build.0 = Debug|Any CPU
		{A1DA8F2E-EC46-40AC-B58F-6A0FE0A31940}.Release|Any CPU.ActiveCfg = Release|Any CPU
		{A1DA8F2E-EC46-40AC-B58F-6A0FE0A31940}.Release|Any CPU.Build.0 = Release|Any CPU
	EndGlobalSection
	GlobalSection(SolutionProperties) = preSolution
		HideSolutionNode = FALSE
	EndGlobalSection
	GlobalSection(ExtensibilityGlobals) = postSolution
		SolutionGuid = {DE757BDF-72EE-4219-9D2E-87DC109D7A5C}
	EndGlobalSection
EndGlobal
